
Microsoft Visual Studio Solution File, Format Version 12.00
# Visual Studio Version 17
VisualStudioVersion = 17.5.002.0
MinimumVisualStudioVersion = 10.0.40219.1
Project("{9A19103F-16F7-4668-BE54-9A1E7A4F7556}") = "JacobPortfolio", "JacobPortfolio.csproj", "{448E9AAF-6F46-4297-BC01-AEE192E6972B}"
EndProject
Global
	GlobalSection(SolutionConfigurationPlatforms) = preSolution
		Debug|Any CPU = Debug|Any CPU
		Release|Any CPU = Release|Any CPU
	EndGlobalSection
	GlobalSection(ProjectConfigurationPlatforms) = postSolution
		{448E9AAF-6F46-4297-BC01-AEE192E6972B}.Debug|Any CPU.ActiveCfg = Debug|Any CPU
		{448E9AAF-6F46-4297-BC01-AEE192E6972B}.Debug|Any CPU.Build.0 = Debug|Any CPU
		{448E9AAF-6F46-4297-BC01-AEE192E6972B}.Release|Any CPU.ActiveCfg = Release|Any CPU
		{448E9AAF-6F46-4297-BC01-AEE192E6972B}.Release|Any CPU.Build.0 = Release|Any CPU
	EndGlobalSection
	GlobalSection(SolutionProperties) = preSolution
		HideSolutionNode = FALSE
	EndGlobalSection
	GlobalSection(ExtensibilityGlobals) = postSolution
		SolutionGuid = {3B0D6B91-93C8-4235-8A9E-E385826EC028}
	EndGlobalSection
EndGlobal
